// !$*UTF8*$!
{
	archiveVersion = 1;
	classes = {
	};
	objectVersion = 51;
	objects = {

/* Begin PBXBuildFile section */
		3079D931CC82FD8C0A578BB3 /* Pods_FirebaseRealTimeCharPOCTests.framework in Frameworks */ = {isa = PBXBuildFile; fileRef = 9FA8AEE1977327CA12485855 /* Pods_FirebaseRealTimeCharPOCTests.framework */; };
		9511389F26D3D3D800B02888 /* spinwerad.ttf in Resources */ = {isa = PBXBuildFile; fileRef = 9511388626D3D3D700B02888 /* spinwerad.ttf */; };
		951138A226D3D3D800B02888 /* spinweradC.ttf in Resources */ = {isa = PBXBuildFile; fileRef = 9511388926D3D3D700B02888 /* spinweradC.ttf */; };
		951138A326D3D3D800B02888 /* Raleway-BoldItalic.ttf in Resources */ = {isa = PBXBuildFile; fileRef = 9511388B26D3D3D700B02888 /* Raleway-BoldItalic.ttf */; };
		951138A426D3D3D800B02888 /* Raleway-MediumItalic.ttf in Resources */ = {isa = PBXBuildFile; fileRef = 9511388C26D3D3D700B02888 /* Raleway-MediumItalic.ttf */; };
		951138A526D3D3D800B02888 /* Raleway-ThinItalic.ttf in Resources */ = {isa = PBXBuildFile; fileRef = 9511388D26D3D3D700B02888 /* Raleway-ThinItalic.ttf */; };
		951138A626D3D3D800B02888 /* Raleway-ExtraLight.ttf in Resources */ = {isa = PBXBuildFile; fileRef = 9511388E26D3D3D700B02888 /* Raleway-ExtraLight.ttf */; };
		951138A726D3D3D800B02888 /* SIL Open Font License.txt in Resources */ = {isa = PBXBuildFile; fileRef = 9511388F26D3D3D700B02888 /* SIL Open Font License.txt */; };
		951138A926D3D3D800B02888 /* Raleway-SemiBold.ttf in Resources */ = {isa = PBXBuildFile; fileRef = 9511389126D3D3D700B02888 /* Raleway-SemiBold.ttf */; };
		951138AA26D3D3D800B02888 /* Raleway-ExtraBold.ttf in Resources */ = {isa = PBXBuildFile; fileRef = 9511389226D3D3D700B02888 /* Raleway-ExtraBold.ttf */; };
		951138AB26D3D3D800B02888 /* Raleway-ExtraBoldItalic.ttf in Resources */ = {isa = PBXBuildFile; fileRef = 9511389326D3D3D700B02888 /* Raleway-ExtraBoldItalic.ttf */; };
		951138AC26D3D3D800B02888 /* Raleway-Regular.ttf in Resources */ = {isa = PBXBuildFile; fileRef = 9511389426D3D3D700B02888 /* Raleway-Regular.ttf */; };
		951138AD26D3D3D800B02888 /* Raleway-ExtraLightItalic.ttf in Resources */ = {isa = PBXBuildFile; fileRef = 9511389526D3D3D700B02888 /* Raleway-ExtraLightItalic.ttf */; };
		951138AE26D3D3D800B02888 /* Raleway-SemiBoldItalic.ttf in Resources */ = {isa = PBXBuildFile; fileRef = 9511389626D3D3D700B02888 /* Raleway-SemiBoldItalic.ttf */; };
		951138AF26D3D3D800B02888 /* Raleway-Light.ttf in Resources */ = {isa = PBXBuildFile; fileRef = 9511389726D3D3D700B02888 /* Raleway-Light.ttf */; };
		951138B026D3D3D800B02888 /* Raleway-Black.ttf in Resources */ = {isa = PBXBuildFile; fileRef = 9511389826D3D3D700B02888 /* Raleway-Black.ttf */; };
		951138B126D3D3D800B02888 /* Raleway-BlackItalic.ttf in Resources */ = {isa = PBXBuildFile; fileRef = 9511389926D3D3D700B02888 /* Raleway-BlackItalic.ttf */; };
		951138B226D3D3D800B02888 /* Raleway-LightItalic.ttf in Resources */ = {isa = PBXBuildFile; fileRef = 9511389A26D3D3D700B02888 /* Raleway-LightItalic.ttf */; };
		951138B326D3D3D800B02888 /* Raleway-Thin.ttf in Resources */ = {isa = PBXBuildFile; fileRef = 9511389B26D3D3D700B02888 /* Raleway-Thin.ttf */; };
		951138B426D3D3D800B02888 /* Raleway.zip in Resources */ = {isa = PBXBuildFile; fileRef = 9511389C26D3D3D700B02888 /* Raleway.zip */; };
		951138B526D3D3D800B02888 /* Raleway-Italic.ttf in Resources */ = {isa = PBXBuildFile; fileRef = 9511389D26D3D3D700B02888 /* Raleway-Italic.ttf */; };
		951138B626D3D3D800B02888 /* Raleway-Bold.ttf in Resources */ = {isa = PBXBuildFile; fileRef = 9511389E26D3D3D700B02888 /* Raleway-Bold.ttf */; };
		9535108A26CE6F7500A7EFB7 /* CustomTextMessageContentCell.swift in Sources */ = {isa = PBXBuildFile; fileRef = 9535108926CE6F7500A7EFB7 /* CustomTextMessageContentCell.swift */; };
		9535108C26CE705300A7EFB7 /* CustomMessageContentCell.swift in Sources */ = {isa = PBXBuildFile; fileRef = 9535108B26CE705200A7EFB7 /* CustomMessageContentCell.swift */; };
		9535108E26CE70A500A7EFB7 /* CustomLayoutSizeCalculator.swift in Sources */ = {isa = PBXBuildFile; fileRef = 9535108D26CE70A500A7EFB7 /* CustomLayoutSizeCalculator.swift */; };
		9535109026CE70DE00A7EFB7 /* CustomTextLayoutSizeCalculator.swift in Sources */ = {isa = PBXBuildFile; fileRef = 9535108F26CE70DE00A7EFB7 /* CustomTextLayoutSizeCalculator.swift */; };
		95697D3A26C65632000495A2 /* image.swift in Sources */ = {isa = PBXBuildFile; fileRef = 95697D3926C65632000495A2 /* image.swift */; };
		9579AD0226C2895800F12CE8 /* Constant.swift in Sources */ = {isa = PBXBuildFile; fileRef = 9579AD0126C2895800F12CE8 /* Constant.swift */; };
		9579AD0426C291D600F12CE8 /* ChatVC+Extenion.swift in Sources */ = {isa = PBXBuildFile; fileRef = 9579AD0326C291D600F12CE8 /* ChatVC+Extenion.swift */; };
		9579AD0626C2927C00F12CE8 /* ChatVC+ExtensionMedia.swift in Sources */ = {isa = PBXBuildFile; fileRef = 9579AD0526C2927C00F12CE8 /* ChatVC+ExtensionMedia.swift */; };
		9579AD0826C2FFFE00F12CE8 /* UserListVC.swift in Sources */ = {isa = PBXBuildFile; fileRef = 9579AD0726C2FFFE00F12CE8 /* UserListVC.swift */; };
		9579AD0C26C3F3D300F12CE8 /* NavigationController.swift in Sources */ = {isa = PBXBuildFile; fileRef = 9579AD0B26C3F3D300F12CE8 /* NavigationController.swift */; };
		9579AD0E26C3F7DF00F12CE8 /* BaseViewController.swift in Sources */ = {isa = PBXBuildFile; fileRef = 9579AD0D26C3F7DF00F12CE8 /* BaseViewController.swift */; };
		9579AD1026C412FE00F12CE8 /* GoogleService-Info.plist in Resources */ = {isa = PBXBuildFile; fileRef = 9579AD0F26C412FE00F12CE8 /* GoogleService-Info.plist */; };
		95997BE426D796DC00C25B66 /* PushNotificationSender.swift in Sources */ = {isa = PBXBuildFile; fileRef = 95997BE326D796DC00C25B66 /* PushNotificationSender.swift */; };
		959CF17D26C0EE2F00D5F285 /* AppDelegate.swift in Sources */ = {isa = PBXBuildFile; fileRef = 959CF17C26C0EE2F00D5F285 /* AppDelegate.swift */; };
		959CF17F26C0EE2F00D5F285 /* SceneDelegate.swift in Sources */ = {isa = PBXBuildFile; fileRef = 959CF17E26C0EE2F00D5F285 /* SceneDelegate.swift */; };
		959CF18126C0EE2F00D5F285 /* LoginVC.swift in Sources */ = {isa = PBXBuildFile; fileRef = 959CF18026C0EE2F00D5F285 /* LoginVC.swift */; };
		959CF18426C0EE2F00D5F285 /* Main.storyboard in Resources */ = {isa = PBXBuildFile; fileRef = 959CF18226C0EE2F00D5F285 /* Main.storyboard */; };
		959CF18726C0EE2F00D5F285 /* FirebaseRealTimeCharPOC.xcdatamodeld in Sources */ = {isa = PBXBuildFile; fileRef = 959CF18526C0EE2F00D5F285 /* FirebaseRealTimeCharPOC.xcdatamodeld */; };
		959CF18926C0EE3000D5F285 /* Assets.xcassets in Resources */ = {isa = PBXBuildFile; fileRef = 959CF18826C0EE3000D5F285 /* Assets.xcassets */; };
		959CF18C26C0EE3000D5F285 /* LaunchScreen.storyboard in Resources */ = {isa = PBXBuildFile; fileRef = 959CF18A26C0EE3000D5F285 /* LaunchScreen.storyboard */; };
		959CF19726C0EE3000D5F285 /* FirebaseRealTimeCharPOCTests.swift in Sources */ = {isa = PBXBuildFile; fileRef = 959CF19626C0EE3000D5F285 /* FirebaseRealTimeCharPOCTests.swift */; };
		959CF1A226C0EE3000D5F285 /* FirebaseRealTimeCharPOCUITests.swift in Sources */ = {isa = PBXBuildFile; fileRef = 959CF1A126C0EE3000D5F285 /* FirebaseRealTimeCharPOCUITests.swift */; };
		959CF1EA26C1306D00D5F285 /* ChatVC.swift in Sources */ = {isa = PBXBuildFile; fileRef = 959CF1E926C1306D00D5F285 /* ChatVC.swift */; };
		959CF1F626C1A6C900D5F285 /* Channel.swift in Sources */ = {isa = PBXBuildFile; fileRef = 959CF1F526C1A6C900D5F285 /* Channel.swift */; };
		959CF1F926C1A9DF00D5F285 /* Message.swift in Sources */ = {isa = PBXBuildFile; fileRef = 959CF1F826C1A9DF00D5F285 /* Message.swift */; };
		959CF1FB26C1B29400D5F285 /* CollectionView+Addition.swift in Sources */ = {isa = PBXBuildFile; fileRef = 959CF1FA26C1B29400D5F285 /* CollectionView+Addition.swift */; };
		959CF1FE26C1B32F00D5F285 /* UIColor+Additions.swift in Sources */ = {isa = PBXBuildFile; fileRef = 959CF1FD26C1B32F00D5F285 /* UIColor+Additions.swift */; };
		95C8B05E26DCB43A0076FDBD /* UserNotifications.framework in Frameworks */ = {isa = PBXBuildFile; fileRef = 95C8B05D26DCB43A0076FDBD /* UserNotifications.framework */; };
		95C8B06026DCB43A0076FDBD /* UserNotificationsUI.framework in Frameworks */ = {isa = PBXBuildFile; fileRef = 95C8B05F26DCB43A0076FDBD /* UserNotificationsUI.framework */; };
		95C8B06326DCB43A0076FDBD /* NotificationViewController.swift in Sources */ = {isa = PBXBuildFile; fileRef = 95C8B06226DCB43A0076FDBD /* NotificationViewController.swift */; };
		95C8B06626DCB43A0076FDBD /* MainInterface.storyboard in Resources */ = {isa = PBXBuildFile; fileRef = 95C8B06426DCB43A0076FDBD /* MainInterface.storyboard */; };
		95C8B06A26DCB43A0076FDBD /* Content.appex in Embed App Extensions */ = {isa = PBXBuildFile; fileRef = 95C8B05C26DCB43A0076FDBD /* Content.appex */; settings = {ATTRIBUTES = (RemoveHeadersOnCopy, ); }; };
		95C8B07526DCB44D0076FDBD /* NotificationService.swift in Sources */ = {isa = PBXBuildFile; fileRef = 95C8B07426DCB44D0076FDBD /* NotificationService.swift */; };
		95C8B07926DCB44D0076FDBD /* Service.appex in Embed App Extensions */ = {isa = PBXBuildFile; fileRef = 95C8B07226DCB44D0076FDBD /* Service.appex */; settings = {ATTRIBUTES = (RemoveHeadersOnCopy, ); }; };
		95D52CB826D4CB6C00537F7D /* Raleway-Medium.ttf in Resources */ = {isa = PBXBuildFile; fileRef = 9511389026D3D3D700B02888 /* Raleway-Medium.ttf */; };
		95FD3B1626CCE3500092B68A /* MessageDateHeaderView.swift in Sources */ = {isa = PBXBuildFile; fileRef = 95FD3B1526CCE3500092B68A /* MessageDateHeaderView.swift */; };
		95FD3B1826CCE4670092B68A /* MessageDateHeaderView.xib in Resources */ = {isa = PBXBuildFile; fileRef = 95FD3B1726CCE4670092B68A /* MessageDateHeaderView.xib */; };
		A86B219EBB1EA05CC61C4129 /* Pods_FirebaseRealTimeCharPOC.framework in Frameworks */ = {isa = PBXBuildFile; fileRef = 0847042888604E5DE4BC9D02 /* Pods_FirebaseRealTimeCharPOC.framework */; };
		D4777E4428D686633E213ED9 /* Pods_FirebaseRealTimeCharPOC_FirebaseRealTimeCharPOCUITests.framework in Frameworks */ = {isa = PBXBuildFile; fileRef = AC688B258764429ACF83B8D6 /* Pods_FirebaseRealTimeCharPOC_FirebaseRealTimeCharPOCUITests.framework */; };
/* End PBXBuildFile section */

/* Begin PBXContainerItemProxy section */
		959CF19326C0EE3000D5F285 /* PBXContainerItemProxy */ = {
			isa = PBXContainerItemProxy;
			containerPortal = 959CF17126C0EE2F00D5F285 /* Project object */;
			proxyType = 1;
			remoteGlobalIDString = 959CF17826C0EE2F00D5F285;
			remoteInfo = FirebaseRealTimeCharPOC;
		};
		959CF19E26C0EE3000D5F285 /* PBXContainerItemProxy */ = {
			isa = PBXContainerItemProxy;
			containerPortal = 959CF17126C0EE2F00D5F285 /* Project object */;
			proxyType = 1;
			remoteGlobalIDString = 959CF17826C0EE2F00D5F285;
			remoteInfo = FirebaseRealTimeCharPOC;
		};
		95C8B06826DCB43A0076FDBD /* PBXContainerItemProxy */ = {
			isa = PBXContainerItemProxy;
			containerPortal = 959CF17126C0EE2F00D5F285 /* Project object */;
			proxyType = 1;
			remoteGlobalIDString = 95C8B05B26DCB43A0076FDBD;
			remoteInfo = Content;
		};
		95C8B07726DCB44D0076FDBD /* PBXContainerItemProxy */ = {
			isa = PBXContainerItemProxy;
			containerPortal = 959CF17126C0EE2F00D5F285 /* Project object */;
			proxyType = 1;
			remoteGlobalIDString = 95C8B07126DCB44D0076FDBD;
			remoteInfo = Service;
		};
/* End PBXContainerItemProxy section */

/* Begin PBXCopyFilesBuildPhase section */
		95C8B05726DCB4070076FDBD /* Embed App Extensions */ = {
			isa = PBXCopyFilesBuildPhase;
			buildActionMask = 2147483647;
			dstPath = "";
			dstSubfolderSpec = 13;
			files = (
				95C8B07926DCB44D0076FDBD /* Service.appex in Embed App Extensions */,
				95C8B06A26DCB43A0076FDBD /* Content.appex in Embed App Extensions */,
			);
			name = "Embed App Extensions";
			runOnlyForDeploymentPostprocessing = 0;
		};
/* End PBXCopyFilesBuildPhase section */

/* Begin PBXFileReference section */
		0847042888604E5DE4BC9D02 /* Pods_FirebaseRealTimeCharPOC.framework */ = {isa = PBXFileReference; explicitFileType = wrapper.framework; includeInIndex = 0; path = Pods_FirebaseRealTimeCharPOC.framework; sourceTree = BUILT_PRODUCTS_DIR; };
		27949A04F8C90EE405AEF8FC /* Pods-FirebaseRealTimeCharPOCTests.release.xcconfig */ = {isa = PBXFileReference; includeInIndex = 1; lastKnownFileType = text.xcconfig; name = "Pods-FirebaseRealTimeCharPOCTests.release.xcconfig"; path = "Target Support Files/Pods-FirebaseRealTimeCharPOCTests/Pods-FirebaseRealTimeCharPOCTests.release.xcconfig"; sourceTree = "<group>"; };
		4583C925C62F55805141FBE0 /* Pods-FirebaseRealTimeCharPOC-FirebaseRealTimeCharPOCUITests.release.xcconfig */ = {isa = PBXFileReference; includeInIndex = 1; lastKnownFileType = text.xcconfig; name = "Pods-FirebaseRealTimeCharPOC-FirebaseRealTimeCharPOCUITests.release.xcconfig"; path = "Target Support Files/Pods-FirebaseRealTimeCharPOC-FirebaseRealTimeCharPOCUITests/Pods-FirebaseRealTimeCharPOC-FirebaseRealTimeCharPOCUITests.release.xcconfig"; sourceTree = "<group>"; };
		6580541F145A3B10DAA59F38 /* Pods-FirebaseRealTimeCharPOC.release.xcconfig */ = {isa = PBXFileReference; includeInIndex = 1; lastKnownFileType = text.xcconfig; name = "Pods-FirebaseRealTimeCharPOC.release.xcconfig"; path = "Target Support Files/Pods-FirebaseRealTimeCharPOC/Pods-FirebaseRealTimeCharPOC.release.xcconfig"; sourceTree = "<group>"; };
		9511388626D3D3D700B02888 /* spinwerad.ttf */ = {isa = PBXFileReference; lastKnownFileType = file; path = spinwerad.ttf; sourceTree = "<group>"; };
		9511388726D3D3D700B02888 /* SIL Open Font License.txt */ = {isa = PBXFileReference; fileEncoding = 4; lastKnownFileType = text; path = "SIL Open Font License.txt"; sourceTree = "<group>"; };
		9511388926D3D3D700B02888 /* spinweradC.ttf */ = {isa = PBXFileReference; lastKnownFileType = file; path = spinweradC.ttf; sourceTree = "<group>"; };
		9511388B26D3D3D700B02888 /* Raleway-BoldItalic.ttf */ = {isa = PBXFileReference; lastKnownFileType = file; path = "Raleway-BoldItalic.ttf"; sourceTree = "<group>"; };
		9511388C26D3D3D700B02888 /* Raleway-MediumItalic.ttf */ = {isa = PBXFileReference; lastKnownFileType = file; path = "Raleway-MediumItalic.ttf"; sourceTree = "<group>"; };
		9511388D26D3D3D700B02888 /* Raleway-ThinItalic.ttf */ = {isa = PBXFileReference; lastKnownFileType = file; path = "Raleway-ThinItalic.ttf"; sourceTree = "<group>"; };
		9511388E26D3D3D700B02888 /* Raleway-ExtraLight.ttf */ = {isa = PBXFileReference; lastKnownFileType = file; path = "Raleway-ExtraLight.ttf"; sourceTree = "<group>"; };
		9511388F26D3D3D700B02888 /* SIL Open Font License.txt */ = {isa = PBXFileReference; fileEncoding = 4; lastKnownFileType = text; path = "SIL Open Font License.txt"; sourceTree = "<group>"; };
		9511389026D3D3D700B02888 /* Raleway-Medium.ttf */ = {isa = PBXFileReference; lastKnownFileType = file; path = "Raleway-Medium.ttf"; sourceTree = "<group>"; };
		9511389126D3D3D700B02888 /* Raleway-SemiBold.ttf */ = {isa = PBXFileReference; lastKnownFileType = file; path = "Raleway-SemiBold.ttf"; sourceTree = "<group>"; };
		9511389226D3D3D700B02888 /* Raleway-ExtraBold.ttf */ = {isa = PBXFileReference; lastKnownFileType = file; path = "Raleway-ExtraBold.ttf"; sourceTree = "<group>"; };
		9511389326D3D3D700B02888 /* Raleway-ExtraBoldItalic.ttf */ = {isa = PBXFileReference; lastKnownFileType = file; path = "Raleway-ExtraBoldItalic.ttf"; sourceTree = "<group>"; };
		9511389426D3D3D700B02888 /* Raleway-Regular.ttf */ = {isa = PBXFileReference; lastKnownFileType = file; path = "Raleway-Regular.ttf"; sourceTree = "<group>"; };
		9511389526D3D3D700B02888 /* Raleway-ExtraLightItalic.ttf */ = {isa = PBXFileReference; lastKnownFileType = file; path = "Raleway-ExtraLightItalic.ttf"; sourceTree = "<group>"; };
		9511389626D3D3D700B02888 /* Raleway-SemiBoldItalic.ttf */ = {isa = PBXFileReference; lastKnownFileType = file; path = "Raleway-SemiBoldItalic.ttf"; sourceTree = "<group>"; };
		9511389726D3D3D700B02888 /* Raleway-Light.ttf */ = {isa = PBXFileReference; lastKnownFileType = file; path = "Raleway-Light.ttf"; sourceTree = "<group>"; };
		9511389826D3D3D700B02888 /* Raleway-Black.ttf */ = {isa = PBXFileReference; lastKnownFileType = file; path = "Raleway-Black.ttf"; sourceTree = "<group>"; };
		9511389926D3D3D700B02888 /* Raleway-BlackItalic.ttf */ = {isa = PBXFileReference; lastKnownFileType = file; path = "Raleway-BlackItalic.ttf"; sourceTree = "<group>"; };
		9511389A26D3D3D700B02888 /* Raleway-LightItalic.ttf */ = {isa = PBXFileReference; lastKnownFileType = file; path = "Raleway-LightItalic.ttf"; sourceTree = "<group>"; };
		9511389B26D3D3D700B02888 /* Raleway-Thin.ttf */ = {isa = PBXFileReference; lastKnownFileType = file; path = "Raleway-Thin.ttf"; sourceTree = "<group>"; };
		9511389C26D3D3D700B02888 /* Raleway.zip */ = {isa = PBXFileReference; lastKnownFileType = archive.zip; path = Raleway.zip; sourceTree = "<group>"; };
		9511389D26D3D3D700B02888 /* Raleway-Italic.ttf */ = {isa = PBXFileReference; lastKnownFileType = file; path = "Raleway-Italic.ttf"; sourceTree = "<group>"; };
		9511389E26D3D3D700B02888 /* Raleway-Bold.ttf */ = {isa = PBXFileReference; lastKnownFileType = file; path = "Raleway-Bold.ttf"; sourceTree = "<group>"; };
		9535108926CE6F7500A7EFB7 /* CustomTextMessageContentCell.swift */ = {isa = PBXFileReference; fileEncoding = 4; lastKnownFileType = sourcecode.swift; path = CustomTextMessageContentCell.swift; sourceTree = "<group>"; };
		9535108B26CE705200A7EFB7 /* CustomMessageContentCell.swift */ = {isa = PBXFileReference; fileEncoding = 4; lastKnownFileType = sourcecode.swift; path = CustomMessageContentCell.swift; sourceTree = "<group>"; };
		9535108D26CE70A500A7EFB7 /* CustomLayoutSizeCalculator.swift */ = {isa = PBXFileReference; fileEncoding = 4; lastKnownFileType = sourcecode.swift; path = CustomLayoutSizeCalculator.swift; sourceTree = "<group>"; };
		9535108F26CE70DE00A7EFB7 /* CustomTextLayoutSizeCalculator.swift */ = {isa = PBXFileReference; fileEncoding = 4; lastKnownFileType = sourcecode.swift; path = CustomTextLayoutSizeCalculator.swift; sourceTree = "<group>"; };
		95697D3926C65632000495A2 /* image.swift */ = {isa = PBXFileReference; fileEncoding = 4; lastKnownFileType = sourcecode.swift; path = image.swift; sourceTree = "<group>"; };
		9579AD0126C2895800F12CE8 /* Constant.swift */ = {isa = PBXFileReference; lastKnownFileType = sourcecode.swift; path = Constant.swift; sourceTree = "<group>"; };
		9579AD0326C291D600F12CE8 /* ChatVC+Extenion.swift */ = {isa = PBXFileReference; lastKnownFileType = sourcecode.swift; path = "ChatVC+Extenion.swift"; sourceTree = "<group>"; };
		9579AD0526C2927C00F12CE8 /* ChatVC+ExtensionMedia.swift */ = {isa = PBXFileReference; lastKnownFileType = sourcecode.swift; path = "ChatVC+ExtensionMedia.swift"; sourceTree = "<group>"; };
		9579AD0726C2FFFE00F12CE8 /* UserListVC.swift */ = {isa = PBXFileReference; lastKnownFileType = sourcecode.swift; path = UserListVC.swift; sourceTree = "<group>"; };
		9579AD0B26C3F3D300F12CE8 /* NavigationController.swift */ = {isa = PBXFileReference; lastKnownFileType = sourcecode.swift; path = NavigationController.swift; sourceTree = "<group>"; };
		9579AD0D26C3F7DF00F12CE8 /* BaseViewController.swift */ = {isa = PBXFileReference; lastKnownFileType = sourcecode.swift; path = BaseViewController.swift; sourceTree = "<group>"; };
		9579AD0F26C412FE00F12CE8 /* GoogleService-Info.plist */ = {isa = PBXFileReference; fileEncoding = 4; lastKnownFileType = text.plist.xml; path = "GoogleService-Info.plist"; sourceTree = "<group>"; };
		95997BE226D77BC500C25B66 /* FirebaseRealTimeCharPOC.entitlements */ = {isa = PBXFileReference; lastKnownFileType = text.plist.entitlements; path = FirebaseRealTimeCharPOC.entitlements; sourceTree = "<group>"; };
		95997BE326D796DC00C25B66 /* PushNotificationSender.swift */ = {isa = PBXFileReference; lastKnownFileType = sourcecode.swift; path = PushNotificationSender.swift; sourceTree = "<group>"; };
		959CF17926C0EE2F00D5F285 /* FirebaseRealTimeCharPOC.app */ = {isa = PBXFileReference; explicitFileType = wrapper.application; includeInIndex = 0; path = FirebaseRealTimeCharPOC.app; sourceTree = BUILT_PRODUCTS_DIR; };
		959CF17C26C0EE2F00D5F285 /* AppDelegate.swift */ = {isa = PBXFileReference; lastKnownFileType = sourcecode.swift; path = AppDelegate.swift; sourceTree = "<group>"; };
		959CF17E26C0EE2F00D5F285 /* SceneDelegate.swift */ = {isa = PBXFileReference; lastKnownFileType = sourcecode.swift; path = SceneDelegate.swift; sourceTree = "<group>"; };
		959CF18026C0EE2F00D5F285 /* LoginVC.swift */ = {isa = PBXFileReference; lastKnownFileType = sourcecode.swift; path = LoginVC.swift; sourceTree = "<group>"; };
		959CF18326C0EE2F00D5F285 /* Base */ = {isa = PBXFileReference; lastKnownFileType = file.storyboard; name = Base; path = Base.lproj/Main.storyboard; sourceTree = "<group>"; };
		959CF18626C0EE2F00D5F285 /* FirebaseRealTimeCharPOC.xcdatamodel */ = {isa = PBXFileReference; lastKnownFileType = wrapper.xcdatamodel; path = FirebaseRealTimeCharPOC.xcdatamodel; sourceTree = "<group>"; };
		959CF18826C0EE3000D5F285 /* Assets.xcassets */ = {isa = PBXFileReference; lastKnownFileType = folder.assetcatalog; path = Assets.xcassets; sourceTree = "<group>"; };
		959CF18B26C0EE3000D5F285 /* Base */ = {isa = PBXFileReference; lastKnownFileType = file.storyboard; name = Base; path = Base.lproj/LaunchScreen.storyboard; sourceTree = "<group>"; };
		959CF18D26C0EE3000D5F285 /* Info.plist */ = {isa = PBXFileReference; lastKnownFileType = text.plist.xml; path = Info.plist; sourceTree = "<group>"; };
		959CF19226C0EE3000D5F285 /* FirebaseRealTimeCharPOCTests.xctest */ = {isa = PBXFileReference; explicitFileType = wrapper.cfbundle; includeInIndex = 0; path = FirebaseRealTimeCharPOCTests.xctest; sourceTree = BUILT_PRODUCTS_DIR; };
		959CF19626C0EE3000D5F285 /* FirebaseRealTimeCharPOCTests.swift */ = {isa = PBXFileReference; lastKnownFileType = sourcecode.swift; path = FirebaseRealTimeCharPOCTests.swift; sourceTree = "<group>"; };
		959CF19826C0EE3000D5F285 /* Info.plist */ = {isa = PBXFileReference; lastKnownFileType = text.plist.xml; path = Info.plist; sourceTree = "<group>"; };
		959CF19D26C0EE3000D5F285 /* FirebaseRealTimeCharPOCUITests.xctest */ = {isa = PBXFileReference; explicitFileType = wrapper.cfbundle; includeInIndex = 0; path = FirebaseRealTimeCharPOCUITests.xctest; sourceTree = BUILT_PRODUCTS_DIR; };
		959CF1A126C0EE3000D5F285 /* FirebaseRealTimeCharPOCUITests.swift */ = {isa = PBXFileReference; lastKnownFileType = sourcecode.swift; path = FirebaseRealTimeCharPOCUITests.swift; sourceTree = "<group>"; };
		959CF1A326C0EE3000D5F285 /* Info.plist */ = {isa = PBXFileReference; lastKnownFileType = text.plist.xml; path = Info.plist; sourceTree = "<group>"; };
		959CF1E926C1306D00D5F285 /* ChatVC.swift */ = {isa = PBXFileReference; lastKnownFileType = sourcecode.swift; path = ChatVC.swift; sourceTree = "<group>"; };
		959CF1F526C1A6C900D5F285 /* Channel.swift */ = {isa = PBXFileReference; lastKnownFileType = sourcecode.swift; path = Channel.swift; sourceTree = "<group>"; };
		959CF1F826C1A9DF00D5F285 /* Message.swift */ = {isa = PBXFileReference; lastKnownFileType = sourcecode.swift; path = Message.swift; sourceTree = "<group>"; };
		959CF1FA26C1B29400D5F285 /* CollectionView+Addition.swift */ = {isa = PBXFileReference; lastKnownFileType = sourcecode.swift; path = "CollectionView+Addition.swift"; sourceTree = "<group>"; };
		959CF1FD26C1B32F00D5F285 /* UIColor+Additions.swift */ = {isa = PBXFileReference; lastKnownFileType = sourcecode.swift; path = "UIColor+Additions.swift"; sourceTree = "<group>"; };
		95C8B05C26DCB43A0076FDBD /* Content.appex */ = {isa = PBXFileReference; explicitFileType = "wrapper.app-extension"; includeInIndex = 0; path = Content.appex; sourceTree = BUILT_PRODUCTS_DIR; };
		95C8B05D26DCB43A0076FDBD /* UserNotifications.framework */ = {isa = PBXFileReference; lastKnownFileType = wrapper.framework; name = UserNotifications.framework; path = System/Library/Frameworks/UserNotifications.framework; sourceTree = SDKROOT; };
		95C8B05F26DCB43A0076FDBD /* UserNotificationsUI.framework */ = {isa = PBXFileReference; lastKnownFileType = wrapper.framework; name = UserNotificationsUI.framework; path = System/Library/Frameworks/UserNotificationsUI.framework; sourceTree = SDKROOT; };
		95C8B06226DCB43A0076FDBD /* NotificationViewController.swift */ = {isa = PBXFileReference; lastKnownFileType = sourcecode.swift; path = NotificationViewController.swift; sourceTree = "<group>"; };
		95C8B06526DCB43A0076FDBD /* Base */ = {isa = PBXFileReference; lastKnownFileType = file.storyboard; name = Base; path = Base.lproj/MainInterface.storyboard; sourceTree = "<group>"; };
		95C8B06726DCB43A0076FDBD /* Info.plist */ = {isa = PBXFileReference; lastKnownFileType = text.plist.xml; path = Info.plist; sourceTree = "<group>"; };
		95C8B07226DCB44D0076FDBD /* Service.appex */ = {isa = PBXFileReference; explicitFileType = "wrapper.app-extension"; includeInIndex = 0; path = Service.appex; sourceTree = BUILT_PRODUCTS_DIR; };
		95C8B07426DCB44D0076FDBD /* NotificationService.swift */ = {isa = PBXFileReference; lastKnownFileType = sourcecode.swift; path = NotificationService.swift; sourceTree = "<group>"; };
		95C8B07626DCB44D0076FDBD /* Info.plist */ = {isa = PBXFileReference; lastKnownFileType = text.plist.xml; path = Info.plist; sourceTree = "<group>"; };
		95FD3B1526CCE3500092B68A /* MessageDateHeaderView.swift */ = {isa = PBXFileReference; lastKnownFileType = sourcecode.swift; path = MessageDateHeaderView.swift; sourceTree = "<group>"; };
		95FD3B1726CCE4670092B68A /* MessageDateHeaderView.xib */ = {isa = PBXFileReference; lastKnownFileType = file.xib; path = MessageDateHeaderView.xib; sourceTree = "<group>"; };
		9E04DBF9ED19C1CBB56357B3 /* Pods-FirebaseRealTimeCharPOC-FirebaseRealTimeCharPOCUITests.debug.xcconfig */ = {isa = PBXFileReference; includeInIndex = 1; lastKnownFileType = text.xcconfig; name = "Pods-FirebaseRealTimeCharPOC-FirebaseRealTimeCharPOCUITests.debug.xcconfig"; path = "Target Support Files/Pods-FirebaseRealTimeCharPOC-FirebaseRealTimeCharPOCUITests/Pods-FirebaseRealTimeCharPOC-FirebaseRealTimeCharPOCUITests.debug.xcconfig"; sourceTree = "<group>"; };
		9FA8AEE1977327CA12485855 /* Pods_FirebaseRealTimeCharPOCTests.framework */ = {isa = PBXFileReference; explicitFileType = wrapper.framework; includeInIndex = 0; path = Pods_FirebaseRealTimeCharPOCTests.framework; sourceTree = BUILT_PRODUCTS_DIR; };
		AC688B258764429ACF83B8D6 /* Pods_FirebaseRealTimeCharPOC_FirebaseRealTimeCharPOCUITests.framework */ = {isa = PBXFileReference; explicitFileType = wrapper.framework; includeInIndex = 0; path = Pods_FirebaseRealTimeCharPOC_FirebaseRealTimeCharPOCUITests.framework; sourceTree = BUILT_PRODUCTS_DIR; };
		D284A59ACEA29EB6E5669E90 /* Pods-FirebaseRealTimeCharPOCTests.debug.xcconfig */ = {isa = PBXFileReference; includeInIndex = 1; lastKnownFileType = text.xcconfig; name = "Pods-FirebaseRealTimeCharPOCTests.debug.xcconfig"; path = "Target Support Files/Pods-FirebaseRealTimeCharPOCTests/Pods-FirebaseRealTimeCharPOCTests.debug.xcconfig"; sourceTree = "<group>"; };
		E05E4C903E067F58FAB4F006 /* Pods-FirebaseRealTimeCharPOC.debug.xcconfig */ = {isa = PBXFileReference; includeInIndex = 1; lastKnownFileType = text.xcconfig; name = "Pods-FirebaseRealTimeCharPOC.debug.xcconfig"; path = "Target Support Files/Pods-FirebaseRealTimeCharPOC/Pods-FirebaseRealTimeCharPOC.debug.xcconfig"; sourceTree = "<group>"; };
/* End PBXFileReference section */

/* Begin PBXFrameworksBuildPhase section */
		959CF17626C0EE2F00D5F285 /* Frameworks */ = {
			isa = PBXFrameworksBuildPhase;
			buildActionMask = 2147483647;
			files = (
				A86B219EBB1EA05CC61C4129 /* Pods_FirebaseRealTimeCharPOC.framework in Frameworks */,
			);
			runOnlyForDeploymentPostprocessing = 0;
		};
		959CF18F26C0EE3000D5F285 /* Frameworks */ = {
			isa = PBXFrameworksBuildPhase;
			buildActionMask = 2147483647;
			files = (
				3079D931CC82FD8C0A578BB3 /* Pods_FirebaseRealTimeCharPOCTests.framework in Frameworks */,
			);
			runOnlyForDeploymentPostprocessing = 0;
		};
		959CF19A26C0EE3000D5F285 /* Frameworks */ = {
			isa = PBXFrameworksBuildPhase;
			buildActionMask = 2147483647;
			files = (
				D4777E4428D686633E213ED9 /* Pods_FirebaseRealTimeCharPOC_FirebaseRealTimeCharPOCUITests.framework in Frameworks */,
			);
			runOnlyForDeploymentPostprocessing = 0;
		};
		95C8B05926DCB43A0076FDBD /* Frameworks */ = {
			isa = PBXFrameworksBuildPhase;
			buildActionMask = 2147483647;
			files = (
				95C8B06026DCB43A0076FDBD /* UserNotificationsUI.framework in Frameworks */,
				95C8B05E26DCB43A0076FDBD /* UserNotifications.framework in Frameworks */,
			);
			runOnlyForDeploymentPostprocessing = 0;
		};
		95C8B06F26DCB44D0076FDBD /* Frameworks */ = {
			isa = PBXFrameworksBuildPhase;
			buildActionMask = 2147483647;
			files = (
			);
			runOnlyForDeploymentPostprocessing = 0;
		};
/* End PBXFrameworksBuildPhase section */

/* Begin PBXGroup section */
		21F9F95A5B932285307379CF /* Pods */ = {
			isa = PBXGroup;
			children = (
				E05E4C903E067F58FAB4F006 /* Pods-FirebaseRealTimeCharPOC.debug.xcconfig */,
				6580541F145A3B10DAA59F38 /* Pods-FirebaseRealTimeCharPOC.release.xcconfig */,
				9E04DBF9ED19C1CBB56357B3 /* Pods-FirebaseRealTimeCharPOC-FirebaseRealTimeCharPOCUITests.debug.xcconfig */,
				4583C925C62F55805141FBE0 /* Pods-FirebaseRealTimeCharPOC-FirebaseRealTimeCharPOCUITests.release.xcconfig */,
				D284A59ACEA29EB6E5669E90 /* Pods-FirebaseRealTimeCharPOCTests.debug.xcconfig */,
				27949A04F8C90EE405AEF8FC /* Pods-FirebaseRealTimeCharPOCTests.release.xcconfig */,
			);
			path = Pods;
			sourceTree = "<group>";
		};
		57E17057CE0E93A91CFCFAA2 /* Frameworks */ = {
			isa = PBXGroup;
			children = (
				0847042888604E5DE4BC9D02 /* Pods_FirebaseRealTimeCharPOC.framework */,
				AC688B258764429ACF83B8D6 /* Pods_FirebaseRealTimeCharPOC_FirebaseRealTimeCharPOCUITests.framework */,
				9FA8AEE1977327CA12485855 /* Pods_FirebaseRealTimeCharPOCTests.framework */,
				95C8B05D26DCB43A0076FDBD /* UserNotifications.framework */,
				95C8B05F26DCB43A0076FDBD /* UserNotificationsUI.framework */,
			);
			name = Frameworks;
			sourceTree = "<group>";
		};
		9511388426D3D3D700B02888 /* Font */ = {
			isa = PBXGroup;
			children = (
				9511388526D3D3D700B02888 /* spinwerad */,
				9511388A26D3D3D700B02888 /* raleway */,
			);
			path = Font;
			sourceTree = "<group>";
		};
		9511388526D3D3D700B02888 /* spinwerad */ = {
			isa = PBXGroup;
			children = (
				9511388626D3D3D700B02888 /* spinwerad.ttf */,
				9511388726D3D3D700B02888 /* SIL Open Font License.txt */,
				9511388926D3D3D700B02888 /* spinweradC.ttf */,
			);
			path = spinwerad;
			sourceTree = "<group>";
		};
		9511388A26D3D3D700B02888 /* raleway */ = {
			isa = PBXGroup;
			children = (
				9511388B26D3D3D700B02888 /* Raleway-BoldItalic.ttf */,
				9511388C26D3D3D700B02888 /* Raleway-MediumItalic.ttf */,
				9511388D26D3D3D700B02888 /* Raleway-ThinItalic.ttf */,
				9511388E26D3D3D700B02888 /* Raleway-ExtraLight.ttf */,
				9511388F26D3D3D700B02888 /* SIL Open Font License.txt */,
				9511389026D3D3D700B02888 /* Raleway-Medium.ttf */,
				9511389126D3D3D700B02888 /* Raleway-SemiBold.ttf */,
				9511389226D3D3D700B02888 /* Raleway-ExtraBold.ttf */,
				9511389326D3D3D700B02888 /* Raleway-ExtraBoldItalic.ttf */,
				9511389426D3D3D700B02888 /* Raleway-Regular.ttf */,
				9511389526D3D3D700B02888 /* Raleway-ExtraLightItalic.ttf */,
				9511389626D3D3D700B02888 /* Raleway-SemiBoldItalic.ttf */,
				9511389726D3D3D700B02888 /* Raleway-Light.ttf */,
				9511389826D3D3D700B02888 /* Raleway-Black.ttf */,
				9511389926D3D3D700B02888 /* Raleway-BlackItalic.ttf */,
				9511389A26D3D3D700B02888 /* Raleway-LightItalic.ttf */,
				9511389B26D3D3D700B02888 /* Raleway-Thin.ttf */,
				9511389C26D3D3D700B02888 /* Raleway.zip */,
				9511389D26D3D3D700B02888 /* Raleway-Italic.ttf */,
				9511389E26D3D3D700B02888 /* Raleway-Bold.ttf */,
			);
			path = raleway;
			sourceTree = "<group>";
		};
		9535108826CE6F6200A7EFB7 /* CustomCell */ = {
			isa = PBXGroup;
			children = (
				9535108926CE6F7500A7EFB7 /* CustomTextMessageContentCell.swift */,
				9535108B26CE705200A7EFB7 /* CustomMessageContentCell.swift */,
				9535108D26CE70A500A7EFB7 /* CustomLayoutSizeCalculator.swift */,
				9535108F26CE70DE00A7EFB7 /* CustomTextLayoutSizeCalculator.swift */,
			);
			path = CustomCell;
			sourceTree = "<group>";
		};
		95697D3826C655F9000495A2 /* Helper */ = {
			isa = PBXGroup;
			children = (
				95697D3926C65632000495A2 /* image.swift */,
				9579AD0B26C3F3D300F12CE8 /* NavigationController.swift */,
				9579AD0D26C3F7DF00F12CE8 /* BaseViewController.swift */,
				95FD3B1526CCE3500092B68A /* MessageDateHeaderView.swift */,
				9579AD0126C2895800F12CE8 /* Constant.swift */,
				95FD3B1726CCE4670092B68A /* MessageDateHeaderView.xib */,
			);
			path = Helper;
			sourceTree = "<group>";
		};
		959CF17026C0EE2F00D5F285 = {
			isa = PBXGroup;
			children = (
				959CF17B26C0EE2F00D5F285 /* FirebaseRealTimeCharPOC */,
				959CF19526C0EE3000D5F285 /* FirebaseRealTimeCharPOCTests */,
				959CF1A026C0EE3000D5F285 /* FirebaseRealTimeCharPOCUITests */,
				95C8B06126DCB43A0076FDBD /* Content */,
				95C8B07326DCB44D0076FDBD /* Service */,
				959CF17A26C0EE2F00D5F285 /* Products */,
				21F9F95A5B932285307379CF /* Pods */,
				57E17057CE0E93A91CFCFAA2 /* Frameworks */,
			);
			sourceTree = "<group>";
		};
		959CF17A26C0EE2F00D5F285 /* Products */ = {
			isa = PBXGroup;
			children = (
				959CF17926C0EE2F00D5F285 /* FirebaseRealTimeCharPOC.app */,
				959CF19226C0EE3000D5F285 /* FirebaseRealTimeCharPOCTests.xctest */,
				959CF19D26C0EE3000D5F285 /* FirebaseRealTimeCharPOCUITests.xctest */,
				95C8B05C26DCB43A0076FDBD /* Content.appex */,
				95C8B07226DCB44D0076FDBD /* Service.appex */,
			);
			name = Products;
			sourceTree = "<group>";
		};
		959CF17B26C0EE2F00D5F285 /* FirebaseRealTimeCharPOC */ = {
			isa = PBXGroup;
			children = (
				95997BE226D77BC500C25B66 /* FirebaseRealTimeCharPOC.entitlements */,
				95997BE326D796DC00C25B66 /* PushNotificationSender.swift */,
				9511388426D3D3D700B02888 /* Font */,
				9535108826CE6F6200A7EFB7 /* CustomCell */,
				959CF1DF26C0F98400D5F285 /* MainFile */,
				959CF1E826C117EA00D5F285 /* Controller */,
				959CF1FC26C1B29900D5F285 /* Extension */,
				95697D3826C655F9000495A2 /* Helper */,
				959CF18226C0EE2F00D5F285 /* Main.storyboard */,
				959CF18A26C0EE3000D5F285 /* LaunchScreen.storyboard */,
				959CF18826C0EE3000D5F285 /* Assets.xcassets */,
				959CF1AF26C0EF2A00D5F285 /* Resources */,
				959CF18D26C0EE3000D5F285 /* Info.plist */,
			);
			path = FirebaseRealTimeCharPOC;
			sourceTree = "<group>";
		};
		959CF19526C0EE3000D5F285 /* FirebaseRealTimeCharPOCTests */ = {
			isa = PBXGroup;
			children = (
				959CF19626C0EE3000D5F285 /* FirebaseRealTimeCharPOCTests.swift */,
				959CF19826C0EE3000D5F285 /* Info.plist */,
			);
			path = FirebaseRealTimeCharPOCTests;
			sourceTree = "<group>";
		};
		959CF1A026C0EE3000D5F285 /* FirebaseRealTimeCharPOCUITests */ = {
			isa = PBXGroup;
			children = (
				959CF1A126C0EE3000D5F285 /* FirebaseRealTimeCharPOCUITests.swift */,
				959CF1A326C0EE3000D5F285 /* Info.plist */,
			);
			path = FirebaseRealTimeCharPOCUITests;
			sourceTree = "<group>";
		};
		959CF1AF26C0EF2A00D5F285 /* Resources */ = {
			isa = PBXGroup;
			children = (
				9579AD0F26C412FE00F12CE8 /* GoogleService-Info.plist */,
				959CF18526C0EE2F00D5F285 /* FirebaseRealTimeCharPOC.xcdatamodeld */,
			);
			path = Resources;
			sourceTree = "<group>";
		};
		959CF1DF26C0F98400D5F285 /* MainFile */ = {
			isa = PBXGroup;
			children = (
				959CF17C26C0EE2F00D5F285 /* AppDelegate.swift */,
				959CF17E26C0EE2F00D5F285 /* SceneDelegate.swift */,
			);
			path = MainFile;
			sourceTree = "<group>";
		};
		959CF1E826C117EA00D5F285 /* Controller */ = {
			isa = PBXGroup;
			children = (
				959CF18026C0EE2F00D5F285 /* LoginVC.swift */,
				959CF1E926C1306D00D5F285 /* ChatVC.swift */,
				9579AD0726C2FFFE00F12CE8 /* UserListVC.swift */,
				959CF1F726C1A9D000D5F285 /* Message */,
				959CF1F426C1A6B900D5F285 /* Channel */,
			);
			path = Controller;
			sourceTree = "<group>";
		};
		959CF1F426C1A6B900D5F285 /* Channel */ = {
			isa = PBXGroup;
			children = (
				959CF1F526C1A6C900D5F285 /* Channel.swift */,
			);
			path = Channel;
			sourceTree = "<group>";
		};
		959CF1F726C1A9D000D5F285 /* Message */ = {
			isa = PBXGroup;
			children = (
				959CF1F826C1A9DF00D5F285 /* Message.swift */,
			);
			path = Message;
			sourceTree = "<group>";
		};
		959CF1FC26C1B29900D5F285 /* Extension */ = {
			isa = PBXGroup;
			children = (
				959CF1FA26C1B29400D5F285 /* CollectionView+Addition.swift */,
				959CF1FD26C1B32F00D5F285 /* UIColor+Additions.swift */,
				9579AD0326C291D600F12CE8 /* ChatVC+Extenion.swift */,
				9579AD0526C2927C00F12CE8 /* ChatVC+ExtensionMedia.swift */,
			);
			path = Extension;
			sourceTree = "<group>";
		};
		95C8B06126DCB43A0076FDBD /* Content */ = {
			isa = PBXGroup;
			children = (
				95C8B06226DCB43A0076FDBD /* NotificationViewController.swift */,
				95C8B06426DCB43A0076FDBD /* MainInterface.storyboard */,
				95C8B06726DCB43A0076FDBD /* Info.plist */,
			);
			path = Content;
			sourceTree = "<group>";
		};
		95C8B07326DCB44D0076FDBD /* Service */ = {
			isa = PBXGroup;
			children = (
				95C8B07426DCB44D0076FDBD /* NotificationService.swift */,
				95C8B07626DCB44D0076FDBD /* Info.plist */,
			);
			path = Service;
			sourceTree = "<group>";
		};
/* End PBXGroup section */

/* Begin PBXNativeTarget section */
		959CF17826C0EE2F00D5F285 /* FirebaseRealTimeCharPOC */ = {
			isa = PBXNativeTarget;
			buildConfigurationList = 959CF1A626C0EE3000D5F285 /* Build configuration list for PBXNativeTarget "FirebaseRealTimeCharPOC" */;
			buildPhases = (
				9F82DC2B8F41A2ACA6F926DA /* [CP] Check Pods Manifest.lock */,
				959CF17526C0EE2F00D5F285 /* Sources */,
				959CF17626C0EE2F00D5F285 /* Frameworks */,
				959CF17726C0EE2F00D5F285 /* Resources */,
				6F98B26F60EA29CA873E530C /* [CP] Embed Pods Frameworks */,
				417CA7F1A52075EC8D2816F8 /* [CP] Copy Pods Resources */,
				95C8B05726DCB4070076FDBD /* Embed App Extensions */,
			);
			buildRules = (
			);
			dependencies = (
				95C8B06926DCB43A0076FDBD /* PBXTargetDependency */,
				95C8B07826DCB44D0076FDBD /* PBXTargetDependency */,
			);
			name = FirebaseRealTimeCharPOC;
			packageProductDependencies = (
			);
			productName = FirebaseRealTimeCharPOC;
			productReference = 959CF17926C0EE2F00D5F285 /* FirebaseRealTimeCharPOC.app */;
			productType = "com.apple.product-type.application";
		};
		959CF19126C0EE3000D5F285 /* FirebaseRealTimeCharPOCTests */ = {
			isa = PBXNativeTarget;
			buildConfigurationList = 959CF1A926C0EE3000D5F285 /* Build configuration list for PBXNativeTarget "FirebaseRealTimeCharPOCTests" */;
			buildPhases = (
				C84C65EB8BDD5EA4935B6009 /* [CP] Check Pods Manifest.lock */,
				959CF18E26C0EE3000D5F285 /* Sources */,
				959CF18F26C0EE3000D5F285 /* Frameworks */,
				959CF19026C0EE3000D5F285 /* Resources */,
			);
			buildRules = (
			);
			dependencies = (
				959CF19426C0EE3000D5F285 /* PBXTargetDependency */,
			);
			name = FirebaseRealTimeCharPOCTests;
			productName = FirebaseRealTimeCharPOCTests;
			productReference = 959CF19226C0EE3000D5F285 /* FirebaseRealTimeCharPOCTests.xctest */;
			productType = "com.apple.product-type.bundle.unit-test";
		};
		959CF19C26C0EE3000D5F285 /* FirebaseRealTimeCharPOCUITests */ = {
			isa = PBXNativeTarget;
			buildConfigurationList = 959CF1AC26C0EE3000D5F285 /* Build configuration list for PBXNativeTarget "FirebaseRealTimeCharPOCUITests" */;
			buildPhases = (
				6E7AC30E19400264CF19CEDE /* [CP] Check Pods Manifest.lock */,
				959CF19926C0EE3000D5F285 /* Sources */,
				959CF19A26C0EE3000D5F285 /* Frameworks */,
				959CF19B26C0EE3000D5F285 /* Resources */,
				5D43A13503A9FB1875E2B8FB /* [CP] Embed Pods Frameworks */,
				282FE717CF5F7B3686FFEE7C /* [CP] Copy Pods Resources */,
			);
			buildRules = (
			);
			dependencies = (
				959CF19F26C0EE3000D5F285 /* PBXTargetDependency */,
			);
			name = FirebaseRealTimeCharPOCUITests;
			productName = FirebaseRealTimeCharPOCUITests;
			productReference = 959CF19D26C0EE3000D5F285 /* FirebaseRealTimeCharPOCUITests.xctest */;
			productType = "com.apple.product-type.bundle.ui-testing";
		};
		95C8B05B26DCB43A0076FDBD /* Content */ = {
			isa = PBXNativeTarget;
			buildConfigurationList = 95C8B06B26DCB43A0076FDBD /* Build configuration list for PBXNativeTarget "Content" */;
			buildPhases = (
				95C8B05826DCB43A0076FDBD /* Sources */,
				95C8B05926DCB43A0076FDBD /* Frameworks */,
				95C8B05A26DCB43A0076FDBD /* Resources */,
			);
			buildRules = (
			);
			dependencies = (
			);
			name = Content;
			productName = Content;
			productReference = 95C8B05C26DCB43A0076FDBD /* Content.appex */;
			productType = "com.apple.product-type.app-extension";
		};
		95C8B07126DCB44D0076FDBD /* Service */ = {
			isa = PBXNativeTarget;
			buildConfigurationList = 95C8B07A26DCB44D0076FDBD /* Build configuration list for PBXNativeTarget "Service" */;
			buildPhases = (
				95C8B06E26DCB44D0076FDBD /* Sources */,
				95C8B06F26DCB44D0076FDBD /* Frameworks */,
				95C8B07026DCB44D0076FDBD /* Resources */,
			);
			buildRules = (
			);
			dependencies = (
			);
			name = Service;
			productName = Service;
			productReference = 95C8B07226DCB44D0076FDBD /* Service.appex */;
			productType = "com.apple.product-type.app-extension";
		};
/* End PBXNativeTarget section */

/* Begin PBXProject section */
		959CF17126C0EE2F00D5F285 /* Project object */ = {
			isa = PBXProject;
			attributes = {
				LastSwiftUpdateCheck = 1250;
				LastUpgradeCheck = 1250;
				TargetAttributes = {
					959CF17826C0EE2F00D5F285 = {
						CreatedOnToolsVersion = 12.5.1;
					};
					959CF19126C0EE3000D5F285 = {
						CreatedOnToolsVersion = 12.5.1;
						TestTargetID = 959CF17826C0EE2F00D5F285;
					};
					959CF19C26C0EE3000D5F285 = {
						CreatedOnToolsVersion = 12.5.1;
						TestTargetID = 959CF17826C0EE2F00D5F285;
					};
					95C8B05B26DCB43A0076FDBD = {
						CreatedOnToolsVersion = 12.5.1;
					};
					95C8B07126DCB44D0076FDBD = {
						CreatedOnToolsVersion = 12.5.1;
					};
				};
			};
			buildConfigurationList = 959CF17426C0EE2F00D5F285 /* Build configuration list for PBXProject "FirebaseRealTimeCharPOC" */;
			compatibilityVersion = "Xcode 9.3";
			developmentRegion = en;
			hasScannedForEncodings = 0;
			knownRegions = (
				en,
				Base,
			);
			mainGroup = 959CF17026C0EE2F00D5F285;
			packageReferences = (
			);
			productRefGroup = 959CF17A26C0EE2F00D5F285 /* Products */;
			projectDirPath = "";
			projectRoot = "";
			targets = (
				959CF17826C0EE2F00D5F285 /* FirebaseRealTimeCharPOC */,
				959CF19126C0EE3000D5F285 /* FirebaseRealTimeCharPOCTests */,
				959CF19C26C0EE3000D5F285 /* FirebaseRealTimeCharPOCUITests */,
				95C8B05B26DCB43A0076FDBD /* Content */,
				95C8B07126DCB44D0076FDBD /* Service */,
			);
		};
/* End PBXProject section */

/* Begin PBXResourcesBuildPhase section */
		959CF17726C0EE2F00D5F285 /* Resources */ = {
			isa = PBXResourcesBuildPhase;
			buildActionMask = 2147483647;
			files = (
				9579AD1026C412FE00F12CE8 /* GoogleService-Info.plist in Resources */,
				95FD3B1826CCE4670092B68A /* MessageDateHeaderView.xib in Resources */,
				951138B326D3D3D800B02888 /* Raleway-Thin.ttf in Resources */,
				951138B126D3D3D800B02888 /* Raleway-BlackItalic.ttf in Resources */,
				951138AE26D3D3D800B02888 /* Raleway-SemiBoldItalic.ttf in Resources */,
				951138A926D3D3D800B02888 /* Raleway-SemiBold.ttf in Resources */,
				959CF18C26C0EE3000D5F285 /* LaunchScreen.storyboard in Resources */,
				951138B526D3D3D800B02888 /* Raleway-Italic.ttf in Resources */,
				951138A326D3D3D800B02888 /* Raleway-BoldItalic.ttf in Resources */,
				951138AA26D3D3D800B02888 /* Raleway-ExtraBold.ttf in Resources */,
				951138B626D3D3D800B02888 /* Raleway-Bold.ttf in Resources */,
				951138A726D3D3D800B02888 /* SIL Open Font License.txt in Resources */,
				9511389F26D3D3D800B02888 /* spinwerad.ttf in Resources */,
				951138AC26D3D3D800B02888 /* Raleway-Regular.ttf in Resources */,
				951138AD26D3D3D800B02888 /* Raleway-ExtraLightItalic.ttf in Resources */,
				959CF18926C0EE3000D5F285 /* Assets.xcassets in Resources */,
				951138AF26D3D3D800B02888 /* Raleway-Light.ttf in Resources */,
				951138A426D3D3D800B02888 /* Raleway-MediumItalic.ttf in Resources */,
				951138AB26D3D3D800B02888 /* Raleway-ExtraBoldItalic.ttf in Resources */,
				951138A526D3D3D800B02888 /* Raleway-ThinItalic.ttf in Resources */,
				95D52CB826D4CB6C00537F7D /* Raleway-Medium.ttf in Resources */,
				951138B026D3D3D800B02888 /* Raleway-Black.ttf in Resources */,
				951138A226D3D3D800B02888 /* spinweradC.ttf in Resources */,
				951138B226D3D3D800B02888 /* Raleway-LightItalic.ttf in Resources */,
				951138B426D3D3D800B02888 /* Raleway.zip in Resources */,
				951138A626D3D3D800B02888 /* Raleway-ExtraLight.ttf in Resources */,
				959CF18426C0EE2F00D5F285 /* Main.storyboard in Resources */,
			);
			runOnlyForDeploymentPostprocessing = 0;
		};
		959CF19026C0EE3000D5F285 /* Resources */ = {
			isa = PBXResourcesBuildPhase;
			buildActionMask = 2147483647;
			files = (
			);
			runOnlyForDeploymentPostprocessing = 0;
		};
		959CF19B26C0EE3000D5F285 /* Resources */ = {
			isa = PBXResourcesBuildPhase;
			buildActionMask = 2147483647;
			files = (
			);
			runOnlyForDeploymentPostprocessing = 0;
		};
		95C8B05A26DCB43A0076FDBD /* Resources */ = {
			isa = PBXResourcesBuildPhase;
			buildActionMask = 2147483647;
			files = (
				95C8B06626DCB43A0076FDBD /* MainInterface.storyboard in Resources */,
			);
			runOnlyForDeploymentPostprocessing = 0;
		};
		95C8B07026DCB44D0076FDBD /* Resources */ = {
			isa = PBXResourcesBuildPhase;
			buildActionMask = 2147483647;
			files = (
			);
			runOnlyForDeploymentPostprocessing = 0;
		};
/* End PBXResourcesBuildPhase section */

/* Begin PBXShellScriptBuildPhase section */
		282FE717CF5F7B3686FFEE7C /* [CP] Copy Pods Resources */ = {
			isa = PBXShellScriptBuildPhase;
			buildActionMask = 2147483647;
			files = (
			);
			inputFileListPaths = (
				"${PODS_ROOT}/Target Support Files/Pods-FirebaseRealTimeCharPOC-FirebaseRealTimeCharPOCUITests/Pods-FirebaseRealTimeCharPOC-FirebaseRealTimeCharPOCUITests-resources-${CONFIGURATION}-input-files.xcfilelist",
			);
			name = "[CP] Copy Pods Resources";
			outputFileListPaths = (
				"${PODS_ROOT}/Target Support Files/Pods-FirebaseRealTimeCharPOC-FirebaseRealTimeCharPOCUITests/Pods-FirebaseRealTimeCharPOC-FirebaseRealTimeCharPOCUITests-resources-${CONFIGURATION}-output-files.xcfilelist",
			);
			runOnlyForDeploymentPostprocessing = 0;
			shellPath = /bin/sh;
			shellScript = "\"${PODS_ROOT}/Target Support Files/Pods-FirebaseRealTimeCharPOC-FirebaseRealTimeCharPOCUITests/Pods-FirebaseRealTimeCharPOC-FirebaseRealTimeCharPOCUITests-resources.sh\"\n";
			showEnvVarsInLog = 0;
		};
		417CA7F1A52075EC8D2816F8 /* [CP] Copy Pods Resources */ = {
			isa = PBXShellScriptBuildPhase;
			buildActionMask = 2147483647;
			files = (
			);
			inputFileListPaths = (
				"${PODS_ROOT}/Target Support Files/Pods-FirebaseRealTimeCharPOC/Pods-FirebaseRealTimeCharPOC-resources-${CONFIGURATION}-input-files.xcfilelist",
			);
			name = "[CP] Copy Pods Resources";
			outputFileListPaths = (
				"${PODS_ROOT}/Target Support Files/Pods-FirebaseRealTimeCharPOC/Pods-FirebaseRealTimeCharPOC-resources-${CONFIGURATION}-output-files.xcfilelist",
			);
			runOnlyForDeploymentPostprocessing = 0;
			shellPath = /bin/sh;
			shellScript = "\"${PODS_ROOT}/Target Support Files/Pods-FirebaseRealTimeCharPOC/Pods-FirebaseRealTimeCharPOC-resources.sh\"\n";
			showEnvVarsInLog = 0;
		};
		5D43A13503A9FB1875E2B8FB /* [CP] Embed Pods Frameworks */ = {
			isa = PBXShellScriptBuildPhase;
			buildActionMask = 2147483647;
			files = (
			);
			inputFileListPaths = (
				"${PODS_ROOT}/Target Support Files/Pods-FirebaseRealTimeCharPOC-FirebaseRealTimeCharPOCUITests/Pods-FirebaseRealTimeCharPOC-FirebaseRealTimeCharPOCUITests-frameworks-${CONFIGURATION}-input-files.xcfilelist",
			);
			name = "[CP] Embed Pods Frameworks";
			outputFileListPaths = (
				"${PODS_ROOT}/Target Support Files/Pods-FirebaseRealTimeCharPOC-FirebaseRealTimeCharPOCUITests/Pods-FirebaseRealTimeCharPOC-FirebaseRealTimeCharPOCUITests-frameworks-${CONFIGURATION}-output-files.xcfilelist",
			);
			runOnlyForDeploymentPostprocessing = 0;
			shellPath = /bin/sh;
			shellScript = "\"${PODS_ROOT}/Target Support Files/Pods-FirebaseRealTimeCharPOC-FirebaseRealTimeCharPOCUITests/Pods-FirebaseRealTimeCharPOC-FirebaseRealTimeCharPOCUITests-frameworks.sh\"\n";
			showEnvVarsInLog = 0;
		};
		6E7AC30E19400264CF19CEDE /* [CP] Check Pods Manifest.lock */ = {
			isa = PBXShellScriptBuildPhase;
			buildActionMask = 2147483647;
			files = (
			);
			inputFileListPaths = (
			);
			inputPaths = (
				"${PODS_PODFILE_DIR_PATH}/Podfile.lock",
				"${PODS_ROOT}/Manifest.lock",
			);
			name = "[CP] Check Pods Manifest.lock";
			outputFileListPaths = (
			);
			outputPaths = (
				"$(DERIVED_FILE_DIR)/Pods-FirebaseRealTimeCharPOC-FirebaseRealTimeCharPOCUITests-checkManifestLockResult.txt",
			);
			runOnlyForDeploymentPostprocessing = 0;
			shellPath = /bin/sh;
			shellScript = "diff \"${PODS_PODFILE_DIR_PATH}/Podfile.lock\" \"${PODS_ROOT}/Manifest.lock\" > /dev/null\nif [ $? != 0 ] ; then\n    # print error to STDERR\n    echo \"error: The sandbox is not in sync with the Podfile.lock. Run 'pod install' or update your CocoaPods installation.\" >&2\n    exit 1\nfi\n# This output is used by Xcode 'outputs' to avoid re-running this script phase.\necho \"SUCCESS\" > \"${SCRIPT_OUTPUT_FILE_0}\"\n";
			showEnvVarsInLog = 0;
		};
		6F98B26F60EA29CA873E530C /* [CP] Embed Pods Frameworks */ = {
			isa = PBXShellScriptBuildPhase;
			buildActionMask = 2147483647;
			files = (
			);
			inputFileListPaths = (
				"${PODS_ROOT}/Target Support Files/Pods-FirebaseRealTimeCharPOC/Pods-FirebaseRealTimeCharPOC-frameworks-${CONFIGURATION}-input-files.xcfilelist",
			);
			name = "[CP] Embed Pods Frameworks";
			outputFileListPaths = (
				"${PODS_ROOT}/Target Support Files/Pods-FirebaseRealTimeCharPOC/Pods-FirebaseRealTimeCharPOC-frameworks-${CONFIGURATION}-output-files.xcfilelist",
			);
			runOnlyForDeploymentPostprocessing = 0;
			shellPath = /bin/sh;
			shellScript = "\"${PODS_ROOT}/Target Support Files/Pods-FirebaseRealTimeCharPOC/Pods-FirebaseRealTimeCharPOC-frameworks.sh\"\n";
			showEnvVarsInLog = 0;
		};
		9F82DC2B8F41A2ACA6F926DA /* [CP] Check Pods Manifest.lock */ = {
			isa = PBXShellScriptBuildPhase;
			buildActionMask = 2147483647;
			files = (
			);
			inputFileListPaths = (
			);
			inputPaths = (
				"${PODS_PODFILE_DIR_PATH}/Podfile.lock",
				"${PODS_ROOT}/Manifest.lock",
			);
			name = "[CP] Check Pods Manifest.lock";
			outputFileListPaths = (
			);
			outputPaths = (
				"$(DERIVED_FILE_DIR)/Pods-FirebaseRealTimeCharPOC-checkManifestLockResult.txt",
			);
			runOnlyForDeploymentPostprocessing = 0;
			shellPath = /bin/sh;
			shellScript = "diff \"${PODS_PODFILE_DIR_PATH}/Podfile.lock\" \"${PODS_ROOT}/Manifest.lock\" > /dev/null\nif [ $? != 0 ] ; then\n    # print error to STDERR\n    echo \"error: The sandbox is not in sync with the Podfile.lock. Run 'pod install' or update your CocoaPods installation.\" >&2\n    exit 1\nfi\n# This output is used by Xcode 'outputs' to avoid re-running this script phase.\necho \"SUCCESS\" > \"${SCRIPT_OUTPUT_FILE_0}\"\n";
			showEnvVarsInLog = 0;
		};
		C84C65EB8BDD5EA4935B6009 /* [CP] Check Pods Manifest.lock */ = {
			isa = PBXShellScriptBuildPhase;
			buildActionMask = 2147483647;
			files = (
			);
			inputFileListPaths = (
			);
			inputPaths = (
				"${PODS_PODFILE_DIR_PATH}/Podfile.lock",
				"${PODS_ROOT}/Manifest.lock",
			);
			name = "[CP] Check Pods Manifest.lock";
			outputFileListPaths = (
			);
			outputPaths = (
				"$(DERIVED_FILE_DIR)/Pods-FirebaseRealTimeCharPOCTests-checkManifestLockResult.txt",
			);
			runOnlyForDeploymentPostprocessing = 0;
			shellPath = /bin/sh;
			shellScript = "diff \"${PODS_PODFILE_DIR_PATH}/Podfile.lock\" \"${PODS_ROOT}/Manifest.lock\" > /dev/null\nif [ $? != 0 ] ; then\n    # print error to STDERR\n    echo \"error: The sandbox is not in sync with the Podfile.lock. Run 'pod install' or update your CocoaPods installation.\" >&2\n    exit 1\nfi\n# This output is used by Xcode 'outputs' to avoid re-running this script phase.\necho \"SUCCESS\" > \"${SCRIPT_OUTPUT_FILE_0}\"\n";
			showEnvVarsInLog = 0;
		};
/* End PBXShellScriptBuildPhase section */

/* Begin PBXSourcesBuildPhase section */
		959CF17526C0EE2F00D5F285 /* Sources */ = {
			isa = PBXSourcesBuildPhase;
			buildActionMask = 2147483647;
			files = (
				959CF18726C0EE2F00D5F285 /* FirebaseRealTimeCharPOC.xcdatamodeld in Sources */,
				9535108C26CE705300A7EFB7 /* CustomMessageContentCell.swift in Sources */,
				9535108E26CE70A500A7EFB7 /* CustomLayoutSizeCalculator.swift in Sources */,
				959CF1F626C1A6C900D5F285 /* Channel.swift in Sources */,
				959CF18126C0EE2F00D5F285 /* LoginVC.swift in Sources */,
				959CF17D26C0EE2F00D5F285 /* AppDelegate.swift in Sources */,
				9579AD0426C291D600F12CE8 /* ChatVC+Extenion.swift in Sources */,
				9579AD0E26C3F7DF00F12CE8 /* BaseViewController.swift in Sources */,
				9579AD0C26C3F3D300F12CE8 /* NavigationController.swift in Sources */,
				959CF17F26C0EE2F00D5F285 /* SceneDelegate.swift in Sources */,
				959CF1EA26C1306D00D5F285 /* ChatVC.swift in Sources */,
				95697D3A26C65632000495A2 /* image.swift in Sources */,
				95997BE426D796DC00C25B66 /* PushNotificationSender.swift in Sources */,
				9535109026CE70DE00A7EFB7 /* CustomTextLayoutSizeCalculator.swift in Sources */,
				9579AD0626C2927C00F12CE8 /* ChatVC+ExtensionMedia.swift in Sources */,
				95FD3B1626CCE3500092B68A /* MessageDateHeaderView.swift in Sources */,
				9535108A26CE6F7500A7EFB7 /* CustomTextMessageContentCell.swift in Sources */,
				959CF1FB26C1B29400D5F285 /* CollectionView+Addition.swift in Sources */,
				9579AD0226C2895800F12CE8 /* Constant.swift in Sources */,
				959CF1F926C1A9DF00D5F285 /* Message.swift in Sources */,
				959CF1FE26C1B32F00D5F285 /* UIColor+Additions.swift in Sources */,
				9579AD0826C2FFFE00F12CE8 /* UserListVC.swift in Sources */,
			);
			runOnlyForDeploymentPostprocessing = 0;
		};
		959CF18E26C0EE3000D5F285 /* Sources */ = {
			isa = PBXSourcesBuildPhase;
			buildActionMask = 2147483647;
			files = (
				959CF19726C0EE3000D5F285 /* FirebaseRealTimeCharPOCTests.swift in Sources */,
			);
			runOnlyForDeploymentPostprocessing = 0;
		};
		959CF19926C0EE3000D5F285 /* Sources */ = {
			isa = PBXSourcesBuildPhase;
			buildActionMask = 2147483647;
			files = (
				959CF1A226C0EE3000D5F285 /* FirebaseRealTimeCharPOCUITests.swift in Sources */,
			);
			runOnlyForDeploymentPostprocessing = 0;
		};
		95C8B05826DCB43A0076FDBD /* Sources */ = {
			isa = PBXSourcesBuildPhase;
			buildActionMask = 2147483647;
			files = (
				95C8B06326DCB43A0076FDBD /* NotificationViewController.swift in Sources */,
			);
			runOnlyForDeploymentPostprocessing = 0;
		};
		95C8B06E26DCB44D0076FDBD /* Sources */ = {
			isa = PBXSourcesBuildPhase;
			buildActionMask = 2147483647;
			files = (
				95C8B07526DCB44D0076FDBD /* NotificationService.swift in Sources */,
			);
			runOnlyForDeploymentPostprocessing = 0;
		};
/* End PBXSourcesBuildPhase section */

/* Begin PBXTargetDependency section */
		959CF19426C0EE3000D5F285 /* PBXTargetDependency */ = {
			isa = PBXTargetDependency;
			target = 959CF17826C0EE2F00D5F285 /* FirebaseRealTimeCharPOC */;
			targetProxy = 959CF19326C0EE3000D5F285 /* PBXContainerItemProxy */;
		};
		959CF19F26C0EE3000D5F285 /* PBXTargetDependency */ = {
			isa = PBXTargetDependency;
			target = 959CF17826C0EE2F00D5F285 /* FirebaseRealTimeCharPOC */;
			targetProxy = 959CF19E26C0EE3000D5F285 /* PBXContainerItemProxy */;
		};
		95C8B06926DCB43A0076FDBD /* PBXTargetDependency */ = {
			isa = PBXTargetDependency;
			target = 95C8B05B26DCB43A0076FDBD /* Content */;
			targetProxy = 95C8B06826DCB43A0076FDBD /* PBXContainerItemProxy */;
		};
		95C8B07826DCB44D0076FDBD /* PBXTargetDependency */ = {
			isa = PBXTargetDependency;
			target = 95C8B07126DCB44D0076FDBD /* Service */;
			targetProxy = 95C8B07726DCB44D0076FDBD /* PBXContainerItemProxy */;
		};
/* End PBXTargetDependency section */

/* Begin PBXVariantGroup section */
		959CF18226C0EE2F00D5F285 /* Main.storyboard */ = {
			isa = PBXVariantGroup;
			children = (
				959CF18326C0EE2F00D5F285 /* Base */,
			);
			name = Main.storyboard;
			sourceTree = "<group>";
		};
		959CF18A26C0EE3000D5F285 /* LaunchScreen.storyboard */ = {
			isa = PBXVariantGroup;
			children = (
				959CF18B26C0EE3000D5F285 /* Base */,
			);
			name = LaunchScreen.storyboard;
			sourceTree = "<group>";
		};
		95C8B06426DCB43A0076FDBD /* MainInterface.storyboard */ = {
			isa = PBXVariantGroup;
			children = (
				95C8B06526DCB43A0076FDBD /* Base */,
			);
			name = MainInterface.storyboard;
			sourceTree = "<group>";
		};
/* End PBXVariantGroup section */

/* Begin XCBuildConfiguration section */
		959CF1A426C0EE3000D5F285 /* Debug */ = {
			isa = XCBuildConfiguration;
			buildSettings = {
				ALWAYS_SEARCH_USER_PATHS = NO;
				CLANG_ANALYZER_NONNULL = YES;
				CLANG_ANALYZER_NUMBER_OBJECT_CONVERSION = YES_AGGRESSIVE;
				CLANG_CXX_LANGUAGE_STANDARD = "gnu++14";
				CLANG_CXX_LIBRARY = "libc++";
				CLANG_ENABLE_MODULES = YES;
				CLANG_ENABLE_OBJC_ARC = YES;
				CLANG_ENABLE_OBJC_WEAK = YES;
				CLANG_WARN_BLOCK_CAPTURE_AUTORELEASING = YES;
				CLANG_WARN_BOOL_CONVERSION = YES;
				CLANG_WARN_COMMA = YES;
				CLANG_WARN_CONSTANT_CONVERSION = YES;
				CLANG_WARN_DEPRECATED_OBJC_IMPLEMENTATIONS = YES;
				CLANG_WARN_DIRECT_OBJC_ISA_USAGE = YES_ERROR;
				CLANG_WARN_DOCUMENTATION_COMMENTS = YES;
				CLANG_WARN_EMPTY_BODY = YES;
				CLANG_WARN_ENUM_CONVERSION = YES;
				CLANG_WARN_INFINITE_RECURSION = YES;
				CLANG_WARN_INT_CONVERSION = YES;
				CLANG_WARN_NON_LITERAL_NULL_CONVERSION = YES;
				CLANG_WARN_OBJC_IMPLICIT_RETAIN_SELF = YES;
				CLANG_WARN_OBJC_LITERAL_CONVERSION = YES;
				CLANG_WARN_OBJC_ROOT_CLASS = YES_ERROR;
				CLANG_WARN_QUOTED_INCLUDE_IN_FRAMEWORK_HEADER = YES;
				CLANG_WARN_RANGE_LOOP_ANALYSIS = YES;
				CLANG_WARN_STRICT_PROTOTYPES = YES;
				CLANG_WARN_SUSPICIOUS_MOVE = YES;
				CLANG_WARN_UNGUARDED_AVAILABILITY = YES_AGGRESSIVE;
				CLANG_WARN_UNREACHABLE_CODE = YES;
				CLANG_WARN__DUPLICATE_METHOD_MATCH = YES;
				COPY_PHASE_STRIP = NO;
				DEBUG_INFORMATION_FORMAT = dwarf;
				ENABLE_STRICT_OBJC_MSGSEND = YES;
				ENABLE_TESTABILITY = YES;
				GCC_C_LANGUAGE_STANDARD = gnu11;
				GCC_DYNAMIC_NO_PIC = NO;
				GCC_NO_COMMON_BLOCKS = YES;
				GCC_OPTIMIZATION_LEVEL = 0;
				GCC_PREPROCESSOR_DEFINITIONS = (
					"DEBUG=1",
					"$(inherited)",
				);
				GCC_WARN_64_TO_32_BIT_CONVERSION = YES;
				GCC_WARN_ABOUT_RETURN_TYPE = YES_ERROR;
				GCC_WARN_UNDECLARED_SELECTOR = YES;
				GCC_WARN_UNINITIALIZED_AUTOS = YES_AGGRESSIVE;
				GCC_WARN_UNUSED_FUNCTION = YES;
				GCC_WARN_UNUSED_VARIABLE = YES;
				IPHONEOS_DEPLOYMENT_TARGET = 13.0;
				MTL_ENABLE_DEBUG_INFO = INCLUDE_SOURCE;
				MTL_FAST_MATH = YES;
				ONLY_ACTIVE_ARCH = YES;
				SDKROOT = iphoneos;
				SWIFT_ACTIVE_COMPILATION_CONDITIONS = DEBUG;
				SWIFT_OPTIMIZATION_LEVEL = "-Onone";
			};
			name = Debug;
		};
		959CF1A526C0EE3000D5F285 /* Release */ = {
			isa = XCBuildConfiguration;
			buildSettings = {
				ALWAYS_SEARCH_USER_PATHS = NO;
				CLANG_ANALYZER_NONNULL = YES;
				CLANG_ANALYZER_NUMBER_OBJECT_CONVERSION = YES_AGGRESSIVE;
				CLANG_CXX_LANGUAGE_STANDARD = "gnu++14";
				CLANG_CXX_LIBRARY = "libc++";
				CLANG_ENABLE_MODULES = YES;
				CLANG_ENABLE_OBJC_ARC = YES;
				CLANG_ENABLE_OBJC_WEAK = YES;
				CLANG_WARN_BLOCK_CAPTURE_AUTORELEASING = YES;
				CLANG_WARN_BOOL_CONVERSION = YES;
				CLANG_WARN_COMMA = YES;
				CLANG_WARN_CONSTANT_CONVERSION = YES;
				CLANG_WARN_DEPRECATED_OBJC_IMPLEMENTATIONS = YES;
				CLANG_WARN_DIRECT_OBJC_ISA_USAGE = YES_ERROR;
				CLANG_WARN_DOCUMENTATION_COMMENTS = YES;
				CLANG_WARN_EMPTY_BODY = YES;
				CLANG_WARN_ENUM_CONVERSION = YES;
				CLANG_WARN_INFINITE_RECURSION = YES;
				CLANG_WARN_INT_CONVERSION = YES;
				CLANG_WARN_NON_LITERAL_NULL_CONVERSION = YES;
				CLANG_WARN_OBJC_IMPLICIT_RETAIN_SELF = YES;
				CLANG_WARN_OBJC_LITERAL_CONVERSION = YES;
				CLANG_WARN_OBJC_ROOT_CLASS = YES_ERROR;
				CLANG_WARN_QUOTED_INCLUDE_IN_FRAMEWORK_HEADER = YES;
				CLANG_WARN_RANGE_LOOP_ANALYSIS = YES;
				CLANG_WARN_STRICT_PROTOTYPES = YES;
				CLANG_WARN_SUSPICIOUS_MOVE = YES;
				CLANG_WARN_UNGUARDED_AVAILABILITY = YES_AGGRESSIVE;
				CLANG_WARN_UNREACHABLE_CODE = YES;
				CLANG_WARN__DUPLICATE_METHOD_MATCH = YES;
				COPY_PHASE_STRIP = NO;
				DEBUG_INFORMATION_FORMAT = "dwarf-with-dsym";
				ENABLE_NS_ASSERTIONS = NO;
				ENABLE_STRICT_OBJC_MSGSEND = YES;
				GCC_C_LANGUAGE_STANDARD = gnu11;
				GCC_NO_COMMON_BLOCKS = YES;
				GCC_WARN_64_TO_32_BIT_CONVERSION = YES;
				GCC_WARN_ABOUT_RETURN_TYPE = YES_ERROR;
				GCC_WARN_UNDECLARED_SELECTOR = YES;
				GCC_WARN_UNINITIALIZED_AUTOS = YES_AGGRESSIVE;
				GCC_WARN_UNUSED_FUNCTION = YES;
				GCC_WARN_UNUSED_VARIABLE = YES;
				IPHONEOS_DEPLOYMENT_TARGET = 13.0;
				MTL_ENABLE_DEBUG_INFO = NO;
				MTL_FAST_MATH = YES;
				SDKROOT = iphoneos;
				SWIFT_COMPILATION_MODE = wholemodule;
				SWIFT_OPTIMIZATION_LEVEL = "-O";
				VALIDATE_PRODUCT = YES;
			};
			name = Release;
		};
		959CF1A726C0EE3000D5F285 /* Debug */ = {
			isa = XCBuildConfiguration;
			baseConfigurationReference = E05E4C903E067F58FAB4F006 /* Pods-FirebaseRealTimeCharPOC.debug.xcconfig */;
			buildSettings = {
				ALWAYS_EMBED_SWIFT_STANDARD_LIBRARIES = YES;
				ASSETCATALOG_COMPILER_APPICON_NAME = AppIcon;
				ASSETCATALOG_COMPILER_GLOBAL_ACCENT_COLOR_NAME = AccentColor;
				CODE_SIGN_ENTITLEMENTS = FirebaseRealTimeCharPOC/FirebaseRealTimeCharPOC.entitlements;
				CODE_SIGN_STYLE = Automatic;
				DEVELOPMENT_TEAM = ZRPL2B2TTJ;
				INFOPLIST_FILE = FirebaseRealTimeCharPOC/Info.plist;
				LD_RUNPATH_SEARCH_PATHS = (
					"$(inherited)",
					"@executable_path/Frameworks",
				);
				PRODUCT_BUNDLE_IDENTIFIER = com.bitcot.FirebaseChat;
				PRODUCT_NAME = "$(TARGET_NAME)";
				SWIFT_VERSION = 5.0;
				TARGETED_DEVICE_FAMILY = "1,2";
			};
			name = Debug;
		};
		959CF1A826C0EE3000D5F285 /* Release */ = {
			isa = XCBuildConfiguration;
			baseConfigurationReference = 6580541F145A3B10DAA59F38 /* Pods-FirebaseRealTimeCharPOC.release.xcconfig */;
			buildSettings = {
				ALWAYS_EMBED_SWIFT_STANDARD_LIBRARIES = YES;
				ASSETCATALOG_COMPILER_APPICON_NAME = AppIcon;
				ASSETCATALOG_COMPILER_GLOBAL_ACCENT_COLOR_NAME = AccentColor;
				CODE_SIGN_ENTITLEMENTS = FirebaseRealTimeCharPOC/FirebaseRealTimeCharPOC.entitlements;
				CODE_SIGN_STYLE = Automatic;
				DEVELOPMENT_TEAM = ZRPL2B2TTJ;
				INFOPLIST_FILE = FirebaseRealTimeCharPOC/Info.plist;
				LD_RUNPATH_SEARCH_PATHS = (
					"$(inherited)",
					"@executable_path/Frameworks",
				);
				PRODUCT_BUNDLE_IDENTIFIER = com.bitcot.FirebaseChat;
				PRODUCT_NAME = "$(TARGET_NAME)";
				SWIFT_VERSION = 5.0;
				TARGETED_DEVICE_FAMILY = "1,2";
			};
			name = Release;
		};
		959CF1AA26C0EE3000D5F285 /* Debug */ = {
			isa = XCBuildConfiguration;
			baseConfigurationReference = D284A59ACEA29EB6E5669E90 /* Pods-FirebaseRealTimeCharPOCTests.debug.xcconfig */;
			buildSettings = {
				ALWAYS_EMBED_SWIFT_STANDARD_LIBRARIES = YES;
				BUNDLE_LOADER = "$(TEST_HOST)";
				CODE_SIGN_STYLE = Automatic;
				DEVELOPMENT_TEAM = ZRPL2B2TTJ;
				INFOPLIST_FILE = FirebaseRealTimeCharPOCTests/Info.plist;
				IPHONEOS_DEPLOYMENT_TARGET = 14.5;
				LD_RUNPATH_SEARCH_PATHS = (
					"$(inherited)",
					"@executable_path/Frameworks",
					"@loader_path/Frameworks",
				);
				PRODUCT_BUNDLE_IDENTIFIER = com.BitcotTechnologies.com.FirebaseRealTimeCharPOCTests;
				PRODUCT_NAME = "$(TARGET_NAME)";
				SWIFT_VERSION = 5.0;
				TARGETED_DEVICE_FAMILY = "1,2";
				TEST_HOST = "$(BUILT_PRODUCTS_DIR)/FirebaseRealTimeCharPOC.app/FirebaseRealTimeCharPOC";
			};
			name = Debug;
		};
		959CF1AB26C0EE3000D5F285 /* Release */ = {
			isa = XCBuildConfiguration;
			baseConfigurationReference = 27949A04F8C90EE405AEF8FC /* Pods-FirebaseRealTimeCharPOCTests.release.xcconfig */;
			buildSettings = {
				ALWAYS_EMBED_SWIFT_STANDARD_LIBRARIES = YES;
				BUNDLE_LOADER = "$(TEST_HOST)";
				CODE_SIGN_STYLE = Automatic;
				DEVELOPMENT_TEAM = ZRPL2B2TTJ;
				INFOPLIST_FILE = FirebaseRealTimeCharPOCTests/Info.plist;
				IPHONEOS_DEPLOYMENT_TARGET = 14.5;
				LD_RUNPATH_SEARCH_PATHS = (
					"$(inherited)",
					"@executable_path/Frameworks",
					"@loader_path/Frameworks",
				);
				PRODUCT_BUNDLE_IDENTIFIER = com.BitcotTechnologies.com.FirebaseRealTimeCharPOCTests;
				PRODUCT_NAME = "$(TARGET_NAME)";
				SWIFT_VERSION = 5.0;
				TARGETED_DEVICE_FAMILY = "1,2";
				TEST_HOST = "$(BUILT_PRODUCTS_DIR)/FirebaseRealTimeCharPOC.app/FirebaseRealTimeCharPOC";
			};
			name = Release;
		};
		959CF1AD26C0EE3000D5F285 /* Debug */ = {
			isa = XCBuildConfiguration;
			baseConfigurationReference = 9E04DBF9ED19C1CBB56357B3 /* Pods-FirebaseRealTimeCharPOC-FirebaseRealTimeCharPOCUITests.debug.xcconfig */;
			buildSettings = {
				ALWAYS_EMBED_SWIFT_STANDARD_LIBRARIES = YES;
				CODE_SIGN_STYLE = Automatic;
				DEVELOPMENT_TEAM = ZRPL2B2TTJ;
				INFOPLIST_FILE = FirebaseRealTimeCharPOCUITests/Info.plist;
				LD_RUNPATH_SEARCH_PATHS = (
					"$(inherited)",
					"@executable_path/Frameworks",
					"@loader_path/Frameworks",
				);
				PRODUCT_BUNDLE_IDENTIFIER = com.BitcotTechnologies.com.FirebaseRealTimeCharPOCUITests;
				PRODUCT_NAME = "$(TARGET_NAME)";
				SWIFT_VERSION = 5.0;
				TARGETED_DEVICE_FAMILY = "1,2";
				TEST_TARGET_NAME = FirebaseRealTimeCharPOC;
			};
			name = Debug;
		};
		959CF1AE26C0EE3000D5F285 /* Release */ = {
			isa = XCBuildConfiguration;
			baseConfigurationReference = 4583C925C62F55805141FBE0 /* Pods-FirebaseRealTimeCharPOC-FirebaseRealTimeCharPOCUITests.release.xcconfig */;
			buildSettings = {
				ALWAYS_EMBED_SWIFT_STANDARD_LIBRARIES = YES;
				CODE_SIGN_STYLE = Automatic;
				DEVELOPMENT_TEAM = ZRPL2B2TTJ;
				INFOPLIST_FILE = FirebaseRealTimeCharPOCUITests/Info.plist;
				LD_RUNPATH_SEARCH_PATHS = (
					"$(inherited)",
					"@executable_path/Frameworks",
					"@loader_path/Frameworks",
				);
				PRODUCT_BUNDLE_IDENTIFIER = com.BitcotTechnologies.com.FirebaseRealTimeCharPOCUITests;
				PRODUCT_NAME = "$(TARGET_NAME)";
				SWIFT_VERSION = 5.0;
				TARGETED_DEVICE_FAMILY = "1,2";
				TEST_TARGET_NAME = FirebaseRealTimeCharPOC;
			};
			name = Release;
		};
		95C8B06C26DCB43A0076FDBD /* Debug */ = {
			isa = XCBuildConfiguration;
			buildSettings = {
				CODE_SIGN_STYLE = Automatic;
				DEVELOPMENT_TEAM = ZRPL2B2TTJ;
				INFOPLIST_FILE = Content/Info.plist;
				IPHONEOS_DEPLOYMENT_TARGET = 14.5;
				LD_RUNPATH_SEARCH_PATHS = (
					"$(inherited)",
					"@executable_path/Frameworks",
					"@executable_path/../../Frameworks",
				);
				PRODUCT_BUNDLE_IDENTIFIER = com.bitcot.FirebaseChat.Content;
				PRODUCT_NAME = "$(TARGET_NAME)";
				SKIP_INSTALL = YES;
				SWIFT_VERSION = 5.0;
				TARGETED_DEVICE_FAMILY = "1,2";
			};
			name = Debug;
		};
		95C8B06D26DCB43A0076FDBD /* Release */ = {
			isa = XCBuildConfiguration;
			buildSettings = {
				CODE_SIGN_STYLE = Automatic;
				DEVELOPMENT_TEAM = ZRPL2B2TTJ;
				INFOPLIST_FILE = Content/Info.plist;
				IPHONEOS_DEPLOYMENT_TARGET = 14.5;
				LD_RUNPATH_SEARCH_PATHS = (
					"$(inherited)",
					"@executable_path/Frameworks",
					"@executable_path/../../Frameworks",
				);
				PRODUCT_BUNDLE_IDENTIFIER = com.bitcot.FirebaseChat.Content;
				PRODUCT_NAME = "$(TARGET_NAME)";
				SKIP_INSTALL = YES;
				SWIFT_VERSION = 5.0;
				TARGETED_DEVICE_FAMILY = "1,2";
			};
			name = Release;
		};
		95C8B07B26DCB44D0076FDBD /* Debug */ = {
			isa = XCBuildConfiguration;
			buildSettings = {
				CODE_SIGN_STYLE = Automatic;
				DEVELOPMENT_TEAM = ZRPL2B2TTJ;
				INFOPLIST_FILE = Service/Info.plist;
				IPHONEOS_DEPLOYMENT_TARGET = 14.5;
				LD_RUNPATH_SEARCH_PATHS = (
					"$(inherited)",
					"@executable_path/Frameworks",
					"@executable_path/../../Frameworks",
				);
				PRODUCT_BUNDLE_IDENTIFIER = com.bitcot.FirebaseChat.Service;
				PRODUCT_NAME = "$(TARGET_NAME)";
				SKIP_INSTALL = YES;
				SWIFT_VERSION = 5.0;
				TARGETED_DEVICE_FAMILY = "1,2";
			};
			name = Debug;
		};
		95C8B07C26DCB44D0076FDBD /* Release */ = {
			isa = XCBuildConfiguration;
			buildSettings = {
				CODE_SIGN_STYLE = Automatic;
				DEVELOPMENT_TEAM = ZRPL2B2TTJ;
				INFOPLIST_FILE = Service/Info.plist;
				IPHONEOS_DEPLOYMENT_TARGET = 14.5;
				LD_RUNPATH_SEARCH_PATHS = (
					"$(inherited)",
					"@executable_path/Frameworks",
					"@executable_path/../../Frameworks",
				);
				PRODUCT_BUNDLE_IDENTIFIER = com.bitcot.FirebaseChat.Service;
				PRODUCT_NAME = "$(TARGET_NAME)";
				SKIP_INSTALL = YES;
				SWIFT_VERSION = 5.0;
				TARGETED_DEVICE_FAMILY = "1,2";
			};
			name = Release;
		};
/* End XCBuildConfiguration section */

/* Begin XCConfigurationList section */
		959CF17426C0EE2F00D5F285 /* Build configuration list for PBXProject "FirebaseRealTimeCharPOC" */ = {
			isa = XCConfigurationList;
			buildConfigurations = (
				959CF1A426C0EE3000D5F285 /* Debug */,
				959CF1A526C0EE3000D5F285 /* Release */,
			);
			defaultConfigurationIsVisible = 0;
			defaultConfigurationName = Release;
		};
		959CF1A626C0EE3000D5F285 /* Build configuration list for PBXNativeTarget "FirebaseRealTimeCharPOC" */ = {
			isa = XCConfigurationList;
			buildConfigurations = (
				959CF1A726C0EE3000D5F285 /* Debug */,
				959CF1A826C0EE3000D5F285 /* Release */,
			);
			defaultConfigurationIsVisible = 0;
			defaultConfigurationName = Release;
		};
		959CF1A926C0EE3000D5F285 /* Build configuration list for PBXNativeTarget "FirebaseRealTimeCharPOCTests" */ = {
			isa = XCConfigurationList;
			buildConfigurations = (
				959CF1AA26C0EE3000D5F285 /* Debug */,
				959CF1AB26C0EE3000D5F285 /* Release */,
			);
			defaultConfigurationIsVisible = 0;
			defaultConfigurationName = Release;
		};
		959CF1AC26C0EE3000D5F285 /* Build configuration list for PBXNativeTarget "FirebaseRealTimeCharPOCUITests" */ = {
			isa = XCConfigurationList;
			buildConfigurations = (
				959CF1AD26C0EE3000D5F285 /* Debug */,
				959CF1AE26C0EE3000D5F285 /* Release */,
			);
			defaultConfigurationIsVisible = 0;
			defaultConfigurationName = Release;
		};
		95C8B06B26DCB43A0076FDBD /* Build configuration list for PBXNativeTarget "Content" */ = {
			isa = XCConfigurationList;
			buildConfigurations = (
				95C8B06C26DCB43A0076FDBD /* Debug */,
				95C8B06D26DCB43A0076FDBD /* Release */,
			);
			defaultConfigurationIsVisible = 0;
			defaultConfigurationName = Release;
		};
		95C8B07A26DCB44D0076FDBD /* Build configuration list for PBXNativeTarget "Service" */ = {
			isa = XCConfigurationList;
			buildConfigurations = (
				95C8B07B26DCB44D0076FDBD /* Debug */,
				95C8B07C26DCB44D0076FDBD /* Release */,
			);
			defaultConfigurationIsVisible = 0;
			defaultConfigurationName = Release;
		};
/* End XCConfigurationList section */

/* Begin XCVersionGroup section */
		959CF18526C0EE2F00D5F285 /* FirebaseRealTimeCharPOC.xcdatamodeld */ = {
			isa = XCVersionGroup;
			children = (
				959CF18626C0EE2F00D5F285 /* FirebaseRealTimeCharPOC.xcdatamodel */,
			);
			currentVersion = 959CF18626C0EE2F00D5F285 /* FirebaseRealTimeCharPOC.xcdatamodel */;
			path = FirebaseRealTimeCharPOC.xcdatamodeld;
			sourceTree = "<group>";
			versionGroupType = wrapper.xcdatamodel;
		};
/* End XCVersionGroup section */
	};
	rootObject = 959CF17126C0EE2F00D5F285 /* Project object */;
}
